
Microsoft Visual Studio Solution File, Format Version 12.00
# Visual Studio Version 17
VisualStudioVersion = 17.3.32819.101
MinimumVisualStudioVersion = 10.0.40219.1
Project("{FAE04EC0-301F-11D3-BF4B-00C04F79EFBC}") = "LinqDemo", "LinqDemo\LinqDemo.csproj", "{2478D9E4-C764-49A8-ACB8-9FF41C435447}"
EndProject
Global
	GlobalSection(SolutionConfigurationPlatforms) = preSolution
		Debug|Any CPU = Debug|Any CPU
		Release|Any CPU = Release|Any CPU
	EndGlobalSection
	GlobalSection(ProjectConfigurationPlatforms) = postSolution
		{2478D9E4-C764-49A8-ACB8-9FF41C435447}.Debug|Any CPU.ActiveCfg = Debug|Any CPU
		{2478D9E4-C764-49A8-ACB8-9FF41C435447}.Debug|Any CPU.Build.0 = Debug|Any CPU
		{2478D9E4-C764-49A8-ACB8-9FF41C435447}.Release|Any CPU.ActiveCfg = Release|Any CPU
		{2478D9E4-C764-49A8-ACB8-9FF41C435447}.Release|Any CPU.Build.0 = Release|Any CPU
	EndGlobalSection
	GlobalSection(SolutionProperties) = preSolution
		HideSolutionNode = FALSE
	EndGlobalSection
	GlobalSection(ExtensibilityGlobals) = postSolution
		SolutionGuid = {9048F283-7F0A-4790-AAEB-395A3700E5EA}
	EndGlobalSection
EndGlobal
