
Microsoft Visual Studio Solution File, Format Version 12.00
# Visual Studio Version 17
VisualStudioVersion = 17.3.32819.101
MinimumVisualStudioVersion = 10.0.40219.1
Project("{9A19103F-16F7-4668-BE54-9A1E7A4F7556}") = "OOPReview1", "OOPReview1\OOPReview1.csproj", "{6BC439E3-5681-4FB2-A99C-83D15C42CB5A}"
EndProject
Project("{FAE04EC0-301F-11D3-BF4B-00C04F79EFBC}") = "TestOOPReview1", "TestOOPReview1\TestOOPReview1.csproj", "{4BD50F71-FAD7-4D46-9D79-9DE6B48F4983}"
EndProject
Global
	GlobalSection(SolutionConfigurationPlatforms) = preSolution
		Debug|Any CPU = Debug|Any CPU
		Release|Any CPU = Release|Any CPU
	EndGlobalSection
	GlobalSection(ProjectConfigurationPlatforms) = postSolution
		{6BC439E3-5681-4FB2-A99C-83D15C42CB5A}.Debug|Any CPU.ActiveCfg = Debug|Any CPU
		{6BC439E3-5681-4FB2-A99C-83D15C42CB5A}.Debug|Any CPU.Build.0 = Debug|Any CPU
		{6BC439E3-5681-4FB2-A99C-83D15C42CB5A}.Release|Any CPU.ActiveCfg = Release|Any CPU
		{6BC439E3-5681-4FB2-A99C-83D15C42CB5A}.Release|Any CPU.Build.0 = Release|Any CPU
		{4BD50F71-FAD7-4D46-9D79-9DE6B48F4983}.Debug|Any CPU.ActiveCfg = Debug|Any CPU
		{4BD50F71-FAD7-4D46-9D79-9DE6B48F4983}.Debug|Any CPU.Build.0 = Debug|Any CPU
		{4BD50F71-FAD7-4D46-9D79-9DE6B48F4983}.Release|Any CPU.ActiveCfg = Release|Any CPU
		{4BD50F71-FAD7-4D46-9D79-9DE6B48F4983}.Release|Any CPU.Build.0 = Release|Any CPU
	EndGlobalSection
	GlobalSection(SolutionProperties) = preSolution
		HideSolutionNode = FALSE
	EndGlobalSection
	GlobalSection(ExtensibilityGlobals) = postSolution
		SolutionGuid = {1191C00A-EEC2-4C67-81D5-E9DEB0F65141}
	EndGlobalSection
EndGlobal
